
Microsoft Visual Studio Solution File, Format Version 12.00
# Visual Studio Version 16
VisualStudioVersion = 16.0.28803.156
MinimumVisualStudioVersion = 10.0.40219.1
Project("{FAE04EC0-301F-11D3-BF4B-00C04F79EFBC}") = "FirstShop", "FirstShop\FirstShop.csproj", "{76B51E44-1CF2-4D0F-B226-FE500D7C31A6}"
EndProject
Global
	GlobalSection(SolutionConfigurationPlatforms) = preSolution
		Debug|Any CPU = Debug|Any CPU
		Release|Any CPU = Release|Any CPU
	EndGlobalSection
	GlobalSection(ProjectConfigurationPlatforms) = postSolution
		{76B51E44-1CF2-4D0F-B226-FE500D7C31A6}.Debug|Any CPU.ActiveCfg = Debug|Any CPU
		{76B51E44-1CF2-4D0F-B226-FE500D7C31A6}.Debug|Any CPU.Build.0 = Debug|Any CPU
		{76B51E44-1CF2-4D0F-B226-FE500D7C31A6}.Release|Any CPU.ActiveCfg = Release|Any CPU
		{76B51E44-1CF2-4D0F-B226-FE500D7C31A6}.Release|Any CPU.Build.0 = Release|Any CPU
	EndGlobalSection
	GlobalSection(SolutionProperties) = preSolution
		HideSolutionNode = FALSE
	EndGlobalSection
	GlobalSection(ExtensibilityGlobals) = postSolution
		SolutionGuid = {6923FB63-D199-463A-9D76-0024E855C438}
	EndGlobalSection
EndGlobal
